{
  "nodes": {
    "DF-Assets": {
      "flake": false,
      "locked": {
        "lastModified": 1740286330,
        "narHash": "sha256-i3GSkUW1FE1RLJRWhmYAZoHqyNyZlxnuVkpA6vP8unM=",
        "ref": "refs/heads/master",
        "rev": "2ffc08a80d6b529880cbe9cf7ac26475b04e9d1d",
        "revCount": 77,
        "type": "git",
        "url": "https://github.com/Doom2D/DF-Assets"
      },
      "original": {
        "type": "git",
        "url": "https://github.com/Doom2D/DF-Assets"
      }
    },
    "Doom2D-Forever": {
      "flake": false,
      "locked": {
        "lastModified": 1740999889,
        "narHash": "sha256-cCrilYtM1chm4khFlx++Q8KuS8adXnAzV7sis6kKyv0=",
        "ref": "refs/heads/master",
        "rev": "681179b80c2abaa466bd1605754976a2903e67b8",
        "revCount": 1583,
        "submodules": true,
        "type": "git",
        "url": "https://github.com/Doom2D/Doom2D-Forever"
      },
      "original": {
        "submodules": true,
        "type": "git",
        "url": "https://github.com/Doom2D/Doom2D-Forever"
      }
    },
    "d2df-distro-content": {
      "flake": false,
      "locked": {
        "narHash": "sha256-9zJDaoilo1Wng2GjpdPqPq/BBbkt3t4xdD+2x0ReImc=",
        "type": "file",
        "url": "https://doom2d.org/doom2d_forever/latest/df_distro_content.rar"
      },
      "original": {
        "type": "file",
        "url": "https://doom2d.org/doom2d_forever/latest/df_distro_content.rar"
      }
    },
    "d2df-distro-soundfont": {
      "flake": false,
      "locked": {
        "narHash": "sha256-NXRUm6XcrnqwZ5QEyblvomh4mD8yUacEWP1y3vCrQ0w=",
        "type": "file",
        "url": "https://doom2d.org/doom2d_forever/latest/df_midi_bank.rar"
      },
      "original": {
        "type": "file",
        "url": "https://doom2d.org/doom2d_forever/latest/df_midi_bank.rar"
      }
    },
    "d2df-editor": {
      "flake": false,
      "locked": {
        "lastModified": 1741097150,
        "narHash": "sha256-V4fCSjY3Sf19ouYyR1eEV7qEVC3/7KzbCYjLQbaWoH0=",
        "ref": "d2df-editor.git",
        "rev": "15a52061a8fbb2730db5f909f8f25dbae71e8717",
        "revCount": 199,
        "submodules": true,
        "type": "git",
        "url": "https://github.com/Doom2D/Doom2D-Forever"
      },
      "original": {
        "ref": "d2df-editor.git",
        "submodules": true,
        "type": "git",
        "url": "https://github.com/Doom2D/Doom2D-Forever"
      }
    },
    "flake-utils": {
      "inputs": {
        "systems": "systems"
      },
      "locked": {
        "lastModified": 1731533236,
        "narHash": "sha256-l0KFg5HjrsfsO/JpG+r7fRrqm12kzFHyUHqHCVpMMbI=",
        "owner": "numtide",
        "repo": "flake-utils",
        "rev": "11707dc2f618dd54ca8739b309ec4fc024de578b",
        "type": "github"
      },
      "original": {
        "owner": "numtide",
        "repo": "flake-utils",
        "type": "github"
      }
    },
    "flake-utils_2": {
      "locked": {
        "lastModified": 1648297722,
        "narHash": "sha256-W+qlPsiZd8F3XkzXOzAoR+mpFqzm3ekQkJNa+PIh1BQ=",
        "owner": "numtide",
        "repo": "flake-utils",
        "rev": "0f8662f1319ad6abf89b3380dd2722369fc51ade",
        "type": "github"
      },
      "original": {
        "owner": "numtide",
        "repo": "flake-utils",
        "type": "github"
      }
    },
    "nix-github-actions": {
      "inputs": {
        "nixpkgs": "nixpkgs"
      },
      "locked": {
        "lastModified": 1731952509,
        "narHash": "sha256-p4gB3Rhw8R6Ak4eMl8pqjCPOLCZRqaehZxdZ/mbFClM=",
        "owner": "nix-community",
        "repo": "nix-github-actions",
        "rev": "7b5f051df789b6b20d259924d349a9ba3319b226",
        "type": "github"
      },
      "original": {
        "owner": "nix-community",
        "repo": "nix-github-actions",
        "type": "github"
      }
    },
    "nixpkgs": {
      "locked": {
        "lastModified": 1688646010,
        "narHash": "sha256-kCeza5eKI2NEi8k0EoeZfv3lN1r1Vwx+L/VA6I8tmG4=",
        "owner": "NixOS",
        "repo": "nixpkgs",
        "rev": "5daaa32204e9c46b05cd709218b7ba733d07e80c",
        "type": "github"
      },
      "original": {
        "id": "nixpkgs",
        "type": "indirect"
      }
    },
    "nixpkgs_2": {
      "locked": {
        "lastModified": 1739866667,
        "narHash": "sha256-EO1ygNKZlsAC9avfcwHkKGMsmipUk1Uc0TbrEZpkn64=",
        "owner": "NixOS",
        "repo": "nixpkgs",
        "rev": "73cf49b8ad837ade2de76f87eb53fc85ed5d4680",
        "type": "github"
      },
      "original": {
        "owner": "NixOS",
        "ref": "nixos-unstable",
        "repo": "nixpkgs",
        "type": "github"
      }
    },
    "osxcross": {
      "inputs": {
        "flake-utils": "flake-utils_2",
        "nixpkgs": [
          "nixpkgs"
        ]
      },
      "locked": {
        "lastModified": 1740685545,
        "narHash": "sha256-ERcKy0kGq3QWIoTplNTf350iDoFU5/ObxGoV0Ej/gJU=",
        "owner": "polybluez",
        "repo": "osxcross",
        "rev": "2a6d494d4fc9e9d5b4d3273b417c4e03f2c04e63",
        "type": "github"
      },
      "original": {
        "owner": "polybluez",
        "ref": "framework",
        "repo": "osxcross",
        "type": "github"
      }
    },
    "root": {
      "inputs": {
        "DF-Assets": "DF-Assets",
        "Doom2D-Forever": "Doom2D-Forever",
        "d2df-distro-content": "d2df-distro-content",
        "d2df-distro-soundfont": "d2df-distro-soundfont",
        "d2df-editor": "d2df-editor",
        "flake-utils": "flake-utils",
        "nix-github-actions": "nix-github-actions",
        "nixpkgs": "nixpkgs_2",
        "osxcross": "osxcross"
      }
    },
    "systems": {
      "locked": {
        "lastModified": 1681028828,
        "narHash": "sha256-Vy1rq5AaRuLzOxct8nz4T6wlgyUR7zLU309k9mBC768=",
        "owner": "nix-systems",
        "repo": "default",
        "rev": "da67096a3b9bf56a91d16901293e51ba5b49a27e",
        "type": "github"
      },
      "original": {
        "owner": "nix-systems",
        "repo": "default",
        "type": "github"
      }
    }
  },
  "root": "root",
  "version": 7
}
