{
  "nodes": {
    "DF-Assets": {
      "flake": false,
      "locked": {
        "lastModified": 1739278381,
        "narHash": "sha256-9RmoCC7f6t7Ea8FV515/Yc1ya+2UJtheCCBBuQxZcbA=",
        "owner": "Doom2D",
        "repo": "DF-Assets",
        "rev": "064755b2d071eab613e20df07fcaf86b6ee5991d",
        "type": "github"
      },
      "original": {
        "owner": "Doom2D",
        "repo": "DF-Assets",
        "type": "github"
      }
    },
    "Doom2D-Forever": {
      "flake": false,
      "locked": {
        "lastModified": 1739803973,
        "narHash": "sha256-OnORI0uwvcz4Zs41G6VIhEeDwmpUVKBJOUbJ+b84c3s=",
        "ref": "refs/heads/master",
        "rev": "878342d3ffdb71f39209717e03e1f5323a90a880",
        "revCount": 1568,
        "submodules": true,
        "type": "git",
        "url": "https://github.com/Doom2D/Doom2D-Forever"
      },
      "original": {
        "submodules": true,
        "type": "git",
        "url": "https://github.com/Doom2D/Doom2D-Forever"
      }
    },
    "d2df-distro-content": {
      "flake": false,
      "locked": {
        "narHash": "sha256-9zJDaoilo1Wng2GjpdPqPq/BBbkt3t4xdD+2x0ReImc=",
        "type": "file",
        "url": "https://doom2d.org/doom2d_forever/latest/df_distro_content.rar"
      },
      "original": {
        "type": "file",
        "url": "https://doom2d.org/doom2d_forever/latest/df_distro_content.rar"
      }
    },
    "d2df-distro-soundfont": {
      "flake": false,
      "locked": {
        "narHash": "sha256-CgHqmUMyK19ZZ2jDF7x2DCHZMpwSHiCdMihfz5Tj4qY=",
        "type": "file",
        "url": "https://doom2d.org/doom2d_forever/latest/df_midi_bank.rar"
      },
      "original": {
        "type": "file",
        "url": "https://doom2d.org/doom2d_forever/latest/df_midi_bank.rar"
      }
    },
    "d2df-editor": {
      "flake": false,
      "locked": {
        "lastModified": 1708948652,
        "narHash": "sha256-yMW+jArIZxNWDbdcaKV2QrgUUV09ClaqCEBYZItg2cI=",
        "owner": "Doom2D",
        "repo": "Doom2D-Forever",
        "rev": "7fe67265f79c80b0263dff8645faf299962efbb2",
        "type": "github"
      },
      "original": {
        "owner": "Doom2D",
        "ref": "d2df-editor.git",
        "repo": "Doom2D-Forever",
        "type": "github"
      }
    },
    "flake-utils": {
      "inputs": {
        "systems": "systems"
      },
      "locked": {
        "lastModified": 1731533236,
        "narHash": "sha256-l0KFg5HjrsfsO/JpG+r7fRrqm12kzFHyUHqHCVpMMbI=",
        "owner": "numtide",
        "repo": "flake-utils",
        "rev": "11707dc2f618dd54ca8739b309ec4fc024de578b",
        "type": "github"
      },
      "original": {
        "owner": "numtide",
        "repo": "flake-utils",
        "type": "github"
      }
    },
    "flake-utils_2": {
      "locked": {
        "lastModified": 1648297722,
        "narHash": "sha256-W+qlPsiZd8F3XkzXOzAoR+mpFqzm3ekQkJNa+PIh1BQ=",
        "owner": "numtide",
        "repo": "flake-utils",
        "rev": "0f8662f1319ad6abf89b3380dd2722369fc51ade",
        "type": "github"
      },
      "original": {
        "owner": "numtide",
        "repo": "flake-utils",
        "type": "github"
      }
    },
    "nix-github-actions": {
      "inputs": {
        "nixpkgs": "nixpkgs"
      },
      "locked": {
        "lastModified": 1731952509,
        "narHash": "sha256-p4gB3Rhw8R6Ak4eMl8pqjCPOLCZRqaehZxdZ/mbFClM=",
        "owner": "nix-community",
        "repo": "nix-github-actions",
        "rev": "7b5f051df789b6b20d259924d349a9ba3319b226",
        "type": "github"
      },
      "original": {
        "owner": "nix-community",
        "repo": "nix-github-actions",
        "type": "github"
      }
    },
    "nixpkgs": {
      "locked": {
        "lastModified": 1688646010,
        "narHash": "sha256-kCeza5eKI2NEi8k0EoeZfv3lN1r1Vwx+L/VA6I8tmG4=",
        "owner": "NixOS",
        "repo": "nixpkgs",
        "rev": "5daaa32204e9c46b05cd709218b7ba733d07e80c",
        "type": "github"
      },
      "original": {
        "id": "nixpkgs",
        "type": "indirect"
      }
    },
    "nixpkgs_2": {
      "locked": {
        "lastModified": 1737062831,
        "narHash": "sha256-Tbk1MZbtV2s5aG+iM99U8FqwxU/YNArMcWAv6clcsBc=",
        "owner": "NixOS",
        "repo": "nixpkgs",
        "rev": "5df43628fdf08d642be8ba5b3625a6c70731c19c",
        "type": "github"
      },
      "original": {
        "owner": "NixOS",
        "ref": "nixos-unstable",
        "repo": "nixpkgs",
        "type": "github"
      }
    },
    "osxcross": {
      "inputs": {
        "flake-utils": "flake-utils_2",
        "nixpkgs": [
          "nixpkgs"
        ]
      },
      "locked": {
        "lastModified": 1737049136,
        "narHash": "sha256-OS8fX4q7ACh53DJWYi2UMp2vDVmXv+bN3rc66NRMU+c=",
        "owner": "polybluez",
        "repo": "osxcross",
        "rev": "bc231398ba01098c9bc3c012a7a09496aa839fb8",
        "type": "github"
      },
      "original": {
        "owner": "polybluez",
        "ref": "framework",
        "repo": "osxcross",
        "type": "github"
      }
    },
    "root": {
      "inputs": {
        "DF-Assets": "DF-Assets",
        "Doom2D-Forever": "Doom2D-Forever",
        "d2df-distro-content": "d2df-distro-content",
        "d2df-distro-soundfont": "d2df-distro-soundfont",
        "d2df-editor": "d2df-editor",
        "flake-utils": "flake-utils",
        "nix-github-actions": "nix-github-actions",
        "nixpkgs": "nixpkgs_2",
        "osxcross": "osxcross"
      }
    },
    "systems": {
      "locked": {
        "lastModified": 1681028828,
        "narHash": "sha256-Vy1rq5AaRuLzOxct8nz4T6wlgyUR7zLU309k9mBC768=",
        "owner": "nix-systems",
        "repo": "default",
        "rev": "da67096a3b9bf56a91d16901293e51ba5b49a27e",
        "type": "github"
      },
      "original": {
        "owner": "nix-systems",
        "repo": "default",
        "type": "github"
      }
    }
  },
  "root": "root",
  "version": 7
}
